{
  "version": 4,
  "terraform_version": "1.13.3",
  "serial": 17,
  "lineage": "1e6a8baa-7e22-b596-c018-9f99c619ab54",
  "outputs": {
    "client_id": {
      "value": "019cb91f-7fb2-7db3-a445-3257b41053dc",
      "type": "string"
    },
    "client_secret": {
      "value": "ubtwg0sf6Ck1IKaID5cvzAJVCWtLPzjk",
      "type": "string",
      "sensitive": true
    },
    "fetch_token_command": {
      "value": "curl -s -X POST http://localhost:7080/realms/master/protocol/openid-connect/token -d grant_type=client_credentials -d client_id=$(terraform output -raw client_id) -d client_secret=$(terraform output -raw client_secret) | jq -r '.access_token' | cut -d. -f2 | base64 -d 2\u003e/dev/null | jq .",
      "type": "string"
    },
    "fetch_userinfo_command": {
      "value": "curl -s -X POST http://localhost:7080/realms/master/protocol/openid-connect/token -d grant_type=client_credentials -d client_id=$(terraform output -raw client_id) -d client_secret=$(terraform output -raw client_secret) | jq -r '.access_token' | xargs -I{} curl -s -H 'Authorization: Bearer {}' http://localhost:7080/realms/master/protocol/openid-connect/userinfo | jq .",
      "type": "string"
    },
    "token_endpoint": {
      "value": "http://localhost:7080/realms/master/protocol/openid-connect/token",
      "type": "string"
    }
  },
  "resources": [
    {
      "mode": "managed",
      "type": "keycloak_openid_client",
      "name": "main",
      "provider": "provider[\"registry.terraform.io/keycloak/keycloak\"]",
      "instances": [
        {
          "schema_version": 0,
          "attributes": {
            "access_token_lifespan": "",
            "access_type": "CONFIDENTIAL",
            "admin_url": "",
            "allow_refresh_token_in_standard_token_exchange": "",
            "always_display_in_console": false,
            "authentication_flow_binding_overrides": [],
            "authorization": [],
            "backchannel_logout_revoke_offline_sessions": false,
            "backchannel_logout_session_required": true,
            "backchannel_logout_url": "",
            "base_url": "",
            "client_authenticator_type": "client-secret",
            "client_id": "019cb91f-7fb2-7db3-a445-3257b41053dc",
            "client_offline_session_idle_timeout": "",
            "client_offline_session_max_lifespan": "",
            "client_secret": "ubtwg0sf6Ck1IKaID5cvzAJVCWtLPzjk",
            "client_secret_regenerate_when_changed": null,
            "client_secret_wo": null,
            "client_secret_wo_version": null,
            "client_session_idle_timeout": "",
            "client_session_max_lifespan": "",
            "consent_required": false,
            "consent_screen_text": "",
            "description": "",
            "direct_access_grants_enabled": false,
            "display_on_consent_screen": false,
            "enabled": true,
            "exclude_issuer_from_auth_response": null,
            "exclude_session_state_from_auth_response": null,
            "extra_config": {},
            "frontchannel_logout_enabled": false,
            "frontchannel_logout_url": "",
            "full_scope_allowed": true,
            "id": "c1eefc6b-4fd9-403f-8ed1-c404beafb2d4",
            "implicit_flow_enabled": false,
            "import": false,
            "login_theme": "",
            "name": "example",
            "oauth2_device_authorization_grant_enabled": false,
            "oauth2_device_code_lifespan": "",
            "oauth2_device_polling_interval": "",
            "pkce_code_challenge_method": "",
            "realm_id": "master",
            "require_dpop_bound_tokens": false,
            "resource_server_id": null,
            "root_url": "",
            "service_account_user_id": "64d51169-625c-472c-b5ce-4747a08a5afc",
            "service_accounts_enabled": true,
            "standard_flow_enabled": false,
            "standard_token_exchange_enabled": false,
            "use_refresh_tokens": true,
            "use_refresh_tokens_client_credentials": false,
            "valid_post_logout_redirect_uris": [],
            "valid_redirect_uris": [],
            "web_origins": []
          },
          "sensitive_attributes": [
            [
              {
                "type": "get_attr",
                "value": "client_secret"
              }
            ],
            [
              {
                "type": "get_attr",
                "value": "client_secret_wo"
              }
            ]
          ],
          "identity_schema_version": 0,
          "private": "bnVsbA==",
          "dependencies": [
            "keycloak_realm.master",
            "random_uuid7.main"
          ]
        }
      ]
    },
    {
      "mode": "managed",
      "type": "keycloak_openid_client_default_scopes",
      "name": "main",
      "provider": "provider[\"registry.terraform.io/keycloak/keycloak\"]",
      "instances": [
        {
          "schema_version": 0,
          "attributes": {
            "client_id": "c1eefc6b-4fd9-403f-8ed1-c404beafb2d4",
            "default_scopes": [
              "email",
              "example-roles",
              "profile",
              "web-origins"
            ],
            "id": "master/c1eefc6b-4fd9-403f-8ed1-c404beafb2d4",
            "realm_id": "master"
          },
          "sensitive_attributes": [],
          "identity_schema_version": 0,
          "private": "bnVsbA==",
          "dependencies": [
            "keycloak_openid_client.main",
            "keycloak_openid_client_scope.roles",
            "keycloak_realm.master",
            "random_uuid7.main"
          ]
        }
      ]
    },
    {
      "mode": "managed",
      "type": "keycloak_openid_client_scope",
      "name": "roles",
      "provider": "provider[\"registry.terraform.io/keycloak/keycloak\"]",
      "instances": [
        {
          "schema_version": 0,
          "attributes": {
            "consent_screen_text": null,
            "description": "Exposes example client roles as a 'roles' claim in the access token",
            "extra_config": {},
            "gui_order": null,
            "id": "301fe872-8d9d-4942-8303-ba44360d7329",
            "include_in_token_scope": true,
            "name": "example-roles",
            "realm_id": "master"
          },
          "sensitive_attributes": [],
          "identity_schema_version": 0,
          "private": "bnVsbA==",
          "dependencies": [
            "keycloak_realm.master"
          ]
        }
      ]
    },
    {
      "mode": "managed",
      "type": "keycloak_openid_client_service_account_role",
      "name": "read",
      "provider": "provider[\"registry.terraform.io/keycloak/keycloak\"]",
      "instances": [
        {
          "schema_version": 0,
          "attributes": {
            "client_id": "c1eefc6b-4fd9-403f-8ed1-c404beafb2d4",
            "id": "64d51169-625c-472c-b5ce-4747a08a5afc/4ae86a52-c864-4f23-bb50-1a4da35c7aed",
            "realm_id": "master",
            "role": "read",
            "service_account_user_id": "64d51169-625c-472c-b5ce-4747a08a5afc"
          },
          "sensitive_attributes": [],
          "identity_schema_version": 0,
          "private": "bnVsbA==",
          "dependencies": [
            "keycloak_openid_client.main",
            "keycloak_realm.master",
            "keycloak_role.read",
            "random_uuid7.main"
          ]
        }
      ]
    },
    {
      "mode": "managed",
      "type": "keycloak_openid_client_service_account_role",
      "name": "write",
      "provider": "provider[\"registry.terraform.io/keycloak/keycloak\"]",
      "instances": [
        {
          "schema_version": 0,
          "attributes": {
            "client_id": "c1eefc6b-4fd9-403f-8ed1-c404beafb2d4",
            "id": "64d51169-625c-472c-b5ce-4747a08a5afc/f237b3dd-a3f8-4516-bdeb-6d69833ae182",
            "realm_id": "master",
            "role": "write",
            "service_account_user_id": "64d51169-625c-472c-b5ce-4747a08a5afc"
          },
          "sensitive_attributes": [],
          "identity_schema_version": 0,
          "private": "bnVsbA==",
          "dependencies": [
            "keycloak_openid_client.main",
            "keycloak_realm.master",
            "keycloak_role.write",
            "random_uuid7.main"
          ]
        }
      ]
    },
    {
      "mode": "managed",
      "type": "keycloak_openid_user_client_role_protocol_mapper",
      "name": "roles",
      "provider": "provider[\"registry.terraform.io/keycloak/keycloak\"]",
      "instances": [
        {
          "schema_version": 0,
          "attributes": {
            "add_to_access_token": true,
            "add_to_id_token": false,
            "add_to_userinfo": false,
            "claim_name": "hero-roles",
            "claim_value_type": "String",
            "client_id": null,
            "client_id_for_role_mappings": "019cb91f-7fb2-7db3-a445-3257b41053dc",
            "client_role_prefix": "",
            "client_scope_id": "301fe872-8d9d-4942-8303-ba44360d7329",
            "id": "b1ebf65a-ec12-4cdc-a5d6-c4d3994dd822",
            "multivalued": true,
            "name": "example-client-roles",
            "realm_id": "master"
          },
          "sensitive_attributes": [],
          "identity_schema_version": 0,
          "private": "bnVsbA==",
          "dependencies": [
            "keycloak_openid_client.main",
            "keycloak_openid_client_scope.roles",
            "keycloak_realm.master",
            "random_uuid7.main"
          ]
        }
      ]
    },
    {
      "mode": "managed",
      "type": "keycloak_realm",
      "name": "master",
      "provider": "provider[\"registry.terraform.io/keycloak/keycloak\"]",
      "instances": [
        {
          "schema_version": 0,
          "attributes": {
            "access_code_lifespan": "1m0s",
            "access_code_lifespan_login": "30m0s",
            "access_code_lifespan_user_action": "5m0s",
            "access_token_lifespan": "1m0s",
            "access_token_lifespan_for_implicit_flow": "15m0s",
            "account_theme": "",
            "action_token_generated_by_admin_lifespan": "12h0m0s",
            "action_token_generated_by_user_lifespan": "5m0s",
            "admin_permissions_enabled": false,
            "admin_theme": "",
            "attributes": {},
            "browser_flow": "browser",
            "client_authentication_flow": "clients",
            "client_session_idle_timeout": "0s",
            "client_session_max_lifespan": "0s",
            "default_default_client_scopes": [],
            "default_optional_client_scopes": [],
            "default_signature_algorithm": "EdDSA",
            "direct_grant_flow": "direct grant",
            "display_name": "Keycloak",
            "display_name_html": "\u003cdiv class=\"kc-logo-text\"\u003e\u003cspan\u003eKeycloak\u003c/span\u003e\u003c/div\u003e",
            "docker_authentication_flow": "docker auth",
            "duplicate_emails_allowed": false,
            "edit_username_allowed": false,
            "email_theme": "",
            "enabled": true,
            "first_broker_login_flow": "first broker login",
            "id": "master",
            "internal_id": "8f5c72df-f85b-441f-b2d0-186572daab27",
            "internationalization": [],
            "login_theme": "",
            "login_with_email_allowed": true,
            "oauth2_device_code_lifespan": "10m0s",
            "oauth2_device_polling_interval": 5,
            "offline_session_idle_timeout": "720h0m0s",
            "offline_session_max_lifespan": "1440h0m0s",
            "offline_session_max_lifespan_enabled": false,
            "organizations_enabled": false,
            "otp_policy": [
              {
                "algorithm": "HmacSHA1",
                "digits": 6,
                "initial_counter": 0,
                "look_ahead_window": 1,
                "period": 30,
                "type": "totp"
              }
            ],
            "password_policy": "",
            "realm": "master",
            "refresh_token_max_reuse": 0,
            "registration_allowed": false,
            "registration_email_as_username": false,
            "registration_flow": "registration",
            "remember_me": false,
            "reset_credentials_flow": "reset credentials",
            "reset_password_allowed": false,
            "revoke_refresh_token": false,
            "security_defenses": [],
            "smtp_server": [],
            "ssl_required": "external",
            "sso_session_idle_timeout": "30m0s",
            "sso_session_idle_timeout_remember_me": "0s",
            "sso_session_max_lifespan": "10h0m0s",
            "sso_session_max_lifespan_remember_me": "0s",
            "terraform_deletion_protection": false,
            "user_managed_access": false,
            "verify_email": false,
            "web_authn_passwordless_policy": [
              {
                "acceptable_aaguids": [],
                "attestation_conveyance_preference": "not specified",
                "authenticator_attachment": "not specified",
                "avoid_same_authenticator_register": false,
                "create_timeout": 0,
                "extra_origins": [],
                "relying_party_entity_name": "keycloak",
                "relying_party_id": "",
                "require_resident_key": "Yes",
                "signature_algorithms": [
                  "ES256",
                  "RS256"
                ],
                "user_verification_requirement": "required"
              }
            ],
            "web_authn_policy": [
              {
                "acceptable_aaguids": [],
                "attestation_conveyance_preference": "not specified",
                "authenticator_attachment": "not specified",
                "avoid_same_authenticator_register": false,
                "create_timeout": 0,
                "extra_origins": [],
                "relying_party_entity_name": "keycloak",
                "relying_party_id": "",
                "require_resident_key": "not specified",
                "signature_algorithms": [
                  "ES256",
                  "RS256"
                ],
                "user_verification_requirement": "not specified"
              }
            ]
          },
          "sensitive_attributes": [],
          "identity_schema_version": 0,
          "private": "bnVsbA=="
        }
      ]
    },
    {
      "mode": "managed",
      "type": "keycloak_role",
      "name": "read",
      "provider": "provider[\"registry.terraform.io/keycloak/keycloak\"]",
      "instances": [
        {
          "schema_version": 0,
          "attributes": {
            "attributes": {},
            "client_id": "c1eefc6b-4fd9-403f-8ed1-c404beafb2d4",
            "composite_roles": [],
            "description": "Read access",
            "id": "4ae86a52-c864-4f23-bb50-1a4da35c7aed",
            "import": false,
            "name": "read",
            "realm_id": "master"
          },
          "sensitive_attributes": [],
          "identity_schema_version": 0,
          "private": "bnVsbA==",
          "dependencies": [
            "keycloak_openid_client.main",
            "keycloak_realm.master",
            "random_uuid7.main"
          ]
        }
      ]
    },
    {
      "mode": "managed",
      "type": "keycloak_role",
      "name": "write",
      "provider": "provider[\"registry.terraform.io/keycloak/keycloak\"]",
      "instances": [
        {
          "schema_version": 0,
          "attributes": {
            "attributes": {},
            "client_id": "c1eefc6b-4fd9-403f-8ed1-c404beafb2d4",
            "composite_roles": [],
            "description": "Write access",
            "id": "f237b3dd-a3f8-4516-bdeb-6d69833ae182",
            "import": false,
            "name": "write",
            "realm_id": "master"
          },
          "sensitive_attributes": [],
          "identity_schema_version": 0,
          "private": "bnVsbA==",
          "dependencies": [
            "keycloak_openid_client.main",
            "keycloak_realm.master",
            "random_uuid7.main"
          ]
        }
      ]
    },
    {
      "mode": "managed",
      "type": "random_uuid7",
      "name": "main",
      "provider": "provider[\"registry.terraform.io/hashicorp/random\"]",
      "instances": [
        {
          "schema_version": 0,
          "attributes": {
            "id": "019cb91f-7fb2-7db3-a445-3257b41053dc",
            "keepers": null,
            "result": "019cb91f-7fb2-7db3-a445-3257b41053dc"
          },
          "sensitive_attributes": [],
          "identity_schema_version": 0
        }
      ]
    }
  ],
  "check_results": null
}
